github.com/go-chi/chi/v5 v5.0.8 h1:lD+NLqFcAi1ovnVZpsnObHGW4xb4J8lNmoYVfECH1Y0=
github.com/go-chi/chi/v5 v5.0.8/go.mod h1:DslCQbL2OYiznFReuXYUmQ2hGd1aDpCnlMNITLSKoi8=
github.com/go-playground/validator/v10 v10.13.0/go.mod h1:dwu7+CG8/CtBiJFZDz4e+5Upb6OLw04gtBYw0mcG/z4=
github.com/jackc/pgx/v5 v5.7.0/go.mod h1:awP1KNnjylvpxHuHP63gzjhnGkI1iw+PMoIwvoleN/8=
github.com/redis/go-redis/v9 v9.4.0/go.mod h1:hdY0cQFCN4fnSYT6TkisLufl/4W5UIXyv0b/CLO2V2M=
